
Microsoft Visual Studio Solution File, Format Version 12.00
# Visual Studio Version 16
VisualStudioVersion = 16.0.31410.357
MinimumVisualStudioVersion = 10.0.40219.1
Project("{FAE04EC0-301F-11D3-BF4B-00C04F79EFBC}") = "Todo", "Todo\Todo.csproj", "{A09C7D62-3F14-4290-96A1-EDDE7EC46BD7}"
EndProject
Project("{FAE04EC0-301F-11D3-BF4B-00C04F79EFBC}") = "Todo.Data", "Todo.Data\Todo.Data.csproj", "{3864D54D-DE37-4D48-BFAA-1207350C6E77}"
EndProject
Project("{FAE04EC0-301F-11D3-BF4B-00C04F79EFBC}") = "Todo.Business", "Todo.Business\Todo.Business.csproj", "{8A0943BE-5273-41B5-B2B4-F723AABFF04D}"
EndProject
Project("{FAE04EC0-301F-11D3-BF4B-00C04F79EFBC}") = "Todo.Security", "Todo.Security\Todo.Security.csproj", "{149C8195-9894-4020-8AC0-9D93C1DD17A6}"
EndProject
Global
	GlobalSection(SolutionConfigurationPlatforms) = preSolution
		Debug|Any CPU = Debug|Any CPU
		Release|Any CPU = Release|Any CPU
	EndGlobalSection
	GlobalSection(ProjectConfigurationPlatforms) = postSolution
		{A09C7D62-3F14-4290-96A1-EDDE7EC46BD7}.Debug|Any CPU.ActiveCfg = Debug|Any CPU
		{A09C7D62-3F14-4290-96A1-EDDE7EC46BD7}.Debug|Any CPU.Build.0 = Debug|Any CPU
		{A09C7D62-3F14-4290-96A1-EDDE7EC46BD7}.Release|Any CPU.ActiveCfg = Release|Any CPU
		{A09C7D62-3F14-4290-96A1-EDDE7EC46BD7}.Release|Any CPU.Build.0 = Release|Any CPU
		{3864D54D-DE37-4D48-BFAA-1207350C6E77}.Debug|Any CPU.ActiveCfg = Debug|Any CPU
		{3864D54D-DE37-4D48-BFAA-1207350C6E77}.Debug|Any CPU.Build.0 = Debug|Any CPU
		{3864D54D-DE37-4D48-BFAA-1207350C6E77}.Release|Any CPU.ActiveCfg = Release|Any CPU
		{3864D54D-DE37-4D48-BFAA-1207350C6E77}.Release|Any CPU.Build.0 = Release|Any CPU
		{8A0943BE-5273-41B5-B2B4-F723AABFF04D}.Debug|Any CPU.ActiveCfg = Debug|Any CPU
		{8A0943BE-5273-41B5-B2B4-F723AABFF04D}.Debug|Any CPU.Build.0 = Debug|Any CPU
		{8A0943BE-5273-41B5-B2B4-F723AABFF04D}.Release|Any CPU.ActiveCfg = Release|Any CPU
		{8A0943BE-5273-41B5-B2B4-F723AABFF04D}.Release|Any CPU.Build.0 = Release|Any CPU
		{149C8195-9894-4020-8AC0-9D93C1DD17A6}.Debug|Any CPU.ActiveCfg = Debug|Any CPU
		{149C8195-9894-4020-8AC0-9D93C1DD17A6}.Debug|Any CPU.Build.0 = Debug|Any CPU
		{149C8195-9894-4020-8AC0-9D93C1DD17A6}.Release|Any CPU.ActiveCfg = Release|Any CPU
		{149C8195-9894-4020-8AC0-9D93C1DD17A6}.Release|Any CPU.Build.0 = Release|Any CPU
	EndGlobalSection
	GlobalSection(SolutionProperties) = preSolution
		HideSolutionNode = FALSE
	EndGlobalSection
	GlobalSection(ExtensibilityGlobals) = postSolution
		SolutionGuid = {46BB74BB-D8F9-4F5C-BD88-C44019BC0D4D}
	EndGlobalSection
EndGlobal
